{
  "name": "yoren-md",
  "lockfileVersion": 3,
  "requires": true,
  "packages": {
    "": {
      "name": "yoren-md",
      "devDependencies": {
        "@fontsource-variable/source-serif-4": "^5.3.0",
        "marked": "^18.0.13",
        "marked-gfm-heading-id": "^4.1.4"
      },
      "engines": {
        "node": ">=22"
      }
    },
    "node_modules/@fontsource-variable/source-serif-4": {
      "version": "5.3.0",
      "resolved": "https://registry.npmjs.org/@fontsource-variable/source-serif-4/-/source-serif-4-5.3.0.tgz",
      "integrity": "sha512-9vch9WqxjaaA+1o9Ur8pOgIGbCYLjRReOUel23A6lOpD1syptgjtkORevvNmldJ5kGXQL29onQUqI5Ltz0s3bQ==",
      "dev": true,
      "license": "OFL-1.1",
      "funding": {
        "url": "https://github.com/sponsors/ayuhito"
      }
    },
    "node_modules/github-slugger": {
      "version": "2.0.0",
      "resolved": "https://registry.npmjs.org/github-slugger/-/github-slugger-2.0.0.tgz",
      "integrity": "sha512-IaOQ9puYtjrkq7Y0Ygl9KDZnrf/aiUJYUpVf89y8kyaxbRG7Y1SrX/jaumrv81vc61+kiMempujsM3Yw7w5qcw==",
      "dev": true,
      "license": "ISC"
    },
    "node_modules/marked": {
      "version": "18.0.13",
      "resolved": "https://registry.npmjs.org/marked/-/marked-18.0.13.tgz",
      "integrity": "sha512-xTxVzZsBFwunP6HDmtBkabUQEYArnP7/rMDGmPj9SlrKlQ4i8MdYVow+nJL0eOqwpUqhzBoTBRADGN6uYwPyOw==",
      "dev": true,
      "license": "MIT",
      "bin": {
        "marked": "bin/marked.js"
      },
      "engines": {
        "node": ">= 20"
      }
    },
    "node_modules/marked-gfm-heading-id": {
      "version": "4.1.4",
      "resolved": "https://registry.npmjs.org/marked-gfm-heading-id/-/marked-gfm-heading-id-4.1.4.tgz",
      "integrity": "sha512-CspnvVfHSkb/znqdPS4jUR8HtCjq3M/DnrsJCrfLBLvdrgbemmoINKpeWKQYkBiXAoBGejw0cV7xzqrPdup3WA==",
      "dev": true,
      "license": "MIT",
      "dependencies": {
        "github-slugger": "^2.0.0"
      },
      "peerDependencies": {
        "marked": ">=13 <19"
      }
    }
  }
}
